
Microsoft Visual Studio Solution File, Format Version 12.00
# Visual Studio 2012
Project("{FAE04EC0-301F-11D3-BF4B-00C04F79EFBC}") = "SendMail", "..\SendMail\SendMail.csproj", "{8B741BE3-FC77-450D-A65C-41366941F5EA}"
EndProject
Global
	GlobalSection(SolutionConfigurationPlatforms) = preSolution
		Debug|Any CPU = Debug|Any CPU
		Release|Any CPU = Release|Any CPU
	EndGlobalSection
	GlobalSection(ProjectConfigurationPlatforms) = postSolution
		{8B741BE3-FC77-450D-A65C-41366941F5EA}.Debug|Any CPU.ActiveCfg = Debug|Any CPU
		{8B741BE3-FC77-450D-A65C-41366941F5EA}.Debug|Any CPU.Build.0 = Debug|Any CPU
		{8B741BE3-FC77-450D-A65C-41366941F5EA}.Release|Any CPU.ActiveCfg = Release|Any CPU
		{8B741BE3-FC77-450D-A65C-41366941F5EA}.Release|Any CPU.Build.0 = Release|Any CPU
	EndGlobalSection
	GlobalSection(SolutionProperties) = preSolution
		HideSolutionNode = FALSE
	EndGlobalSection
EndGlobal
